
Microsoft Visual Studio Solution File, Format Version 12.00
# Visual Studio Version 17
VisualStudioVersion = 17.3.32922.545
MinimumVisualStudioVersion = 10.0.40219.1
Project("{FAE04EC0-301F-11D3-BF4B-00C04F79EFBC}") = "PR_Lab3", "PR_Lab3\PR_Lab3.csproj", "{21641609-7B18-4E91-B471-882092A857C5}"
EndProject
Global
	GlobalSection(SolutionConfigurationPlatforms) = preSolution
		Debug|Any CPU = Debug|Any CPU
		Release|Any CPU = Release|Any CPU
	EndGlobalSection
	GlobalSection(ProjectConfigurationPlatforms) = postSolution
		{21641609-7B18-4E91-B471-882092A857C5}.Debug|Any CPU.ActiveCfg = Debug|Any CPU
		{21641609-7B18-4E91-B471-882092A857C5}.Debug|Any CPU.Build.0 = Debug|Any CPU
		{21641609-7B18-4E91-B471-882092A857C5}.Release|Any CPU.ActiveCfg = Release|Any CPU
		{21641609-7B18-4E91-B471-882092A857C5}.Release|Any CPU.Build.0 = Release|Any CPU
	EndGlobalSection
	GlobalSection(SolutionProperties) = preSolution
		HideSolutionNode = FALSE
	EndGlobalSection
	GlobalSection(ExtensibilityGlobals) = postSolution
		SolutionGuid = {DF8BEDB8-E9B2-43B7-AF30-A1B48F5CD738}
	EndGlobalSection
EndGlobal
